Microsoft Visual Studio Solution File, Format Version 12.00
# Visual Studio Version 17
VisualStudioVersion = 17.13.35913.81
MinimumVisualStudioVersion = 10.0.40219.1
Project("{FAE04EC0-301F-11D3-BF4B-00C04F79EFBC}") = "ClearMeasureTest", "ClearMeasureTest\ClearMeasureTest.csproj", "{E84CF70D-5CF3-4413-9A3D-859E228A9933}"
EndProject
Project("{FAE04EC0-301F-11D3-BF4B-00C04F79EFBC}") = "NumberAndNameGenerator", "NumberAndNameGenerator\NumberAndNameGenerator.csproj", "{43D01826-D69E-45B9-94F2-55B664121E58}"
EndProject
Project("{FAE04EC0-301F-11D3-BF4B-00C04F79EFBC}") = "NumberAndNameGenerator.UnitTests", "TestProject1\NumberAndNameGenerator.UnitTests.csproj", "{D1D778A0-AC61-47F2-98EC-CA93F11B577B}"
EndProject
Global
	GlobalSection(SolutionConfigurationPlatforms) = preSolution
		Debug|Any CPU = Debug|Any CPU
		Release|Any CPU = Release|Any CPU
	EndGlobalSection
	GlobalSection(ProjectConfigurationPlatforms) = postSolution
		{E84CF70D-5CF3-4413-9A3D-859E228A9933}.Debug|Any CPU.ActiveCfg = Debug|Any CPU
		{E84CF70D-5CF3-4413-9A3D-859E228A9933}.Debug|Any CPU.Build.0 = Debug|Any CPU
		{E84CF70D-5CF3-4413-9A3D-859E228A9933}.Release|Any CPU.ActiveCfg = Release|Any CPU
		{E84CF70D-5CF3-4413-9A3D-859E228A9933}.Release|Any CPU.Build.0 = Release|Any CPU
		{43D01826-D69E-45B9-94F2-55B664121E58}.Debug|Any CPU.ActiveCfg = Debug|Any CPU
		{43D01826-D69E-45B9-94F2-55B664121E58}.Debug|Any CPU.Build.0 = Debug|Any CPU
		{43D01826-D69E-45B9-94F2-55B664121E58}.Release|Any CPU.ActiveCfg = Release|Any CPU
		{43D01826-D69E-45B9-94F2-55B664121E58}.Release|Any CPU.Build.0 = Release|Any CPU
		{D1D778A0-AC61-47F2-98EC-CA93F11B577B}.Debug|Any CPU.ActiveCfg = Debug|Any CPU
		{D1D778A0-AC61-47F2-98EC-CA93F11B577B}.Debug|Any CPU.Build.0 = Debug|Any CPU
		{D1D778A0-AC61-47F2-98EC-CA93F11B577B}.Release|Any CPU.ActiveCfg = Release|Any CPU
		{D1D778A0-AC61-47F2-98EC-CA93F11B577B}.Release|Any CPU.Build.0 = Release|Any CPU
	EndGlobalSection
	GlobalSection(SolutionProperties) = preSolution
		HideSolutionNode = FALSE
	EndGlobalSection
	GlobalSection(ExtensibilityGlobals) = postSolution
		SolutionGuid = {DAEE1FCD-4FCA-4A4C-B266-D398ED4F70E2}
	EndGlobalSection
EndGlobal
